// !$*UTF8*$!
{
	archiveVersion = 1;
	classes = {
	};
	objectVersion = 51;
	objects = {

/* Begin PBXBuildFile section */
		307180681835F8698183CAB8 /* Pods_Task.framework in Frameworks */ = {isa = PBXBuildFile; fileRef = DB28880386FF7D66FD26E383 /* Pods_Task.framework */; };
		A252B6E926C9427E008BF854 /* Assets.xcassets in Resources */ = {isa = PBXBuildFile; fileRef = A252B6E826C9427E008BF854 /* Assets.xcassets */; };
		A252B6EC26C9427E008BF854 /* LaunchScreen.storyboard in Resources */ = {isa = PBXBuildFile; fileRef = A252B6EA26C9427E008BF854 /* LaunchScreen.storyboard */; };
		A252B72526C942F3008BF854 /* APIManager.swift in Sources */ = {isa = PBXBuildFile; fileRef = A252B6F626C942F3008BF854 /* APIManager.swift */; };
		A252B72626C942F3008BF854 /* APIRouter.swift in Sources */ = {isa = PBXBuildFile; fileRef = A252B6F726C942F3008BF854 /* APIRouter.swift */; };
		A252B72726C942F3008BF854 /* APIResult.swift in Sources */ = {isa = PBXBuildFile; fileRef = A252B6F826C942F3008BF854 /* APIResult.swift */; };
		A252B72826C942F3008BF854 /* APICallError.swift in Sources */ = {isa = PBXBuildFile; fileRef = A252B6F926C942F3008BF854 /* APICallError.swift */; };
		A252B72926C942F3008BF854 /* API.swift in Sources */ = {isa = PBXBuildFile; fileRef = A252B6FA26C942F3008BF854 /* API.swift */; };
		A252B72A26C942F3008BF854 /* Main.storyboard in Resources */ = {isa = PBXBuildFile; fileRef = A252B6FC26C942F3008BF854 /* Main.storyboard */; };
		A252B72B26C942F3008BF854 /* AppDependency.swift in Sources */ = {isa = PBXBuildFile; fileRef = A252B6FE26C942F3008BF854 /* AppDependency.swift */; };
		A252B72C26C942F3008BF854 /* Root.swift in Sources */ = {isa = PBXBuildFile; fileRef = A252B6FF26C942F3008BF854 /* Root.swift */; };
		A252B72E26C942F3008BF854 /* AppDelegate.swift in Sources */ = {isa = PBXBuildFile; fileRef = A252B70226C942F3008BF854 /* AppDelegate.swift */; };
		A252B72F26C942F3008BF854 /* UserModel.swift in Sources */ = {isa = PBXBuildFile; fileRef = A252B70626C942F3008BF854 /* UserModel.swift */; };
		A252B73026C942F3008BF854 /* UsersVC.swift in Sources */ = {isa = PBXBuildFile; fileRef = A252B70826C942F3008BF854 /* UsersVC.swift */; };
		A252B73126C942F3008BF854 /* UserCell.swift in Sources */ = {isa = PBXBuildFile; fileRef = A252B70926C942F3008BF854 /* UserCell.swift */; };
		A252B73226C942F3008BF854 /* UsersViewModel.swift in Sources */ = {isa = PBXBuildFile; fileRef = A252B70B26C942F3008BF854 /* UsersViewModel.swift */; };
		A252B73426C942F3008BF854 /* BaseViewController.swift in Sources */ = {isa = PBXBuildFile; fileRef = A252B70E26C942F3008BF854 /* BaseViewController.swift */; };
		A252B73526C942F3008BF854 /* BaseViewModel.swift in Sources */ = {isa = PBXBuildFile; fileRef = A252B70F26C942F3008BF854 /* BaseViewModel.swift */; };
		A252B73626C942F3008BF854 /* Constants.swift in Sources */ = {isa = PBXBuildFile; fileRef = A252B71226C942F3008BF854 /* Constants.swift */; };
		A252B73726C942F3008BF854 /* Environment.swift in Sources */ = {isa = PBXBuildFile; fileRef = A252B71326C942F3008BF854 /* Environment.swift */; };
		A252B73826C942F3008BF854 /* Extension.swift in Sources */ = {isa = PBXBuildFile; fileRef = A252B71426C942F3008BF854 /* Extension.swift */; };
		A252B73926C942F3008BF854 /* Fonts.swift in Sources */ = {isa = PBXBuildFile; fileRef = A252B71526C942F3008BF854 /* Fonts.swift */; };
		A252B73A26C942F3008BF854 /* Colors.swift in Sources */ = {isa = PBXBuildFile; fileRef = A252B71626C942F3008BF854 /* Colors.swift */; };
		A252B73B26C942F3008BF854 /* UIView.swift in Sources */ = {isa = PBXBuildFile; fileRef = A252B71826C942F3008BF854 /* UIView.swift */; };
		A252B73C26C942F3008BF854 /* TableViews.swift in Sources */ = {isa = PBXBuildFile; fileRef = A252B71926C942F3008BF854 /* TableViews.swift */; };
		A252B73D26C942F3008BF854 /* UIStoryboardControllers.swift in Sources */ = {isa = PBXBuildFile; fileRef = A252B71A26C942F3008BF854 /* UIStoryboardControllers.swift */; };
		A252B73E26C942F3008BF854 /* TableView+Extensions.swift in Sources */ = {isa = PBXBuildFile; fileRef = A252B71B26C942F3008BF854 /* TableView+Extensions.swift */; };
		A252B73F26C942F3008BF854 /* Logging.swift in Sources */ = {isa = PBXBuildFile; fileRef = A252B71D26C942F3008BF854 /* Logging.swift */; };
		A252B74026C942F3008BF854 /* UtilityFunctions.swift in Sources */ = {isa = PBXBuildFile; fileRef = A252B71E26C942F3008BF854 /* UtilityFunctions.swift */; };
		A252B74126C942F3008BF854 /* Animated.swift in Sources */ = {isa = PBXBuildFile; fileRef = A252B71F26C942F3008BF854 /* Animated.swift */; };
		A252B74226C942F3008BF854 /* ActivityIndicator.swift in Sources */ = {isa = PBXBuildFile; fileRef = A252B72026C942F3008BF854 /* ActivityIndicator.swift */; };
		A252B74326C942F3008BF854 /* Localizable.strings in Resources */ = {isa = PBXBuildFile; fileRef = A252B72126C942F3008BF854 /* Localizable.strings */; };
		A252B74426C942F3008BF854 /* NotificationHelper.swift in Sources */ = {isa = PBXBuildFile; fileRef = A252B72326C942F3008BF854 /* NotificationHelper.swift */; };
		A252B74826C9454F008BF854 /* UserCell.xib in Resources */ = {isa = PBXBuildFile; fileRef = A252B74626C9454F008BF854 /* UserCell.xib */; };
/* End PBXBuildFile section */

/* Begin PBXFileReference section */
		A252B6DC26C9427D008BF854 /* Task.app */ = {isa = PBXFileReference; explicitFileType = wrapper.application; includeInIndex = 0; path = Task.app; sourceTree = BUILT_PRODUCTS_DIR; };
		A252B6E826C9427E008BF854 /* Assets.xcassets */ = {isa = PBXFileReference; lastKnownFileType = folder.assetcatalog; path = Assets.xcassets; sourceTree = "<group>"; };
		A252B6EB26C9427E008BF854 /* Base */ = {isa = PBXFileReference; lastKnownFileType = file.storyboard; name = Base; path = Base.lproj/LaunchScreen.storyboard; sourceTree = "<group>"; };
		A252B6ED26C9427E008BF854 /* Info.plist */ = {isa = PBXFileReference; lastKnownFileType = text.plist.xml; path = Info.plist; sourceTree = "<group>"; };
		A252B6F626C942F3008BF854 /* APIManager.swift */ = {isa = PBXFileReference; fileEncoding = 4; lastKnownFileType = sourcecode.swift; path = APIManager.swift; sourceTree = "<group>"; };
		A252B6F726C942F3008BF854 /* APIRouter.swift */ = {isa = PBXFileReference; fileEncoding = 4; lastKnownFileType = sourcecode.swift; path = APIRouter.swift; sourceTree = "<group>"; };
		A252B6F826C942F3008BF854 /* APIResult.swift */ = {isa = PBXFileReference; fileEncoding = 4; lastKnownFileType = sourcecode.swift; path = APIResult.swift; sourceTree = "<group>"; };
		A252B6F926C942F3008BF854 /* APICallError.swift */ = {isa = PBXFileReference; fileEncoding = 4; lastKnownFileType = sourcecode.swift; path = APICallError.swift; sourceTree = "<group>"; };
		A252B6FA26C942F3008BF854 /* API.swift */ = {isa = PBXFileReference; fileEncoding = 4; lastKnownFileType = sourcecode.swift; path = API.swift; sourceTree = "<group>"; };
		A252B6FC26C942F3008BF854 /* Main.storyboard */ = {isa = PBXFileReference; fileEncoding = 4; lastKnownFileType = file.storyboard; path = Main.storyboard; sourceTree = "<group>"; };
		A252B6FE26C942F3008BF854 /* AppDependency.swift */ = {isa = PBXFileReference; fileEncoding = 4; lastKnownFileType = sourcecode.swift; path = AppDependency.swift; sourceTree = "<group>"; };
		A252B6FF26C942F3008BF854 /* Root.swift */ = {isa = PBXFileReference; fileEncoding = 4; lastKnownFileType = sourcecode.swift; path = Root.swift; sourceTree = "<group>"; };
		A252B70226C942F3008BF854 /* AppDelegate.swift */ = {isa = PBXFileReference; fileEncoding = 4; lastKnownFileType = sourcecode.swift; path = AppDelegate.swift; sourceTree = "<group>"; };
		A252B70626C942F3008BF854 /* UserModel.swift */ = {isa = PBXFileReference; fileEncoding = 4; lastKnownFileType = sourcecode.swift; path = UserModel.swift; sourceTree = "<group>"; };
		A252B70826C942F3008BF854 /* UsersVC.swift */ = {isa = PBXFileReference; fileEncoding = 4; lastKnownFileType = sourcecode.swift; path = UsersVC.swift; sourceTree = "<group>"; };
		A252B70926C942F3008BF854 /* UserCell.swift */ = {isa = PBXFileReference; fileEncoding = 4; lastKnownFileType = sourcecode.swift; path = UserCell.swift; sourceTree = "<group>"; };
		A252B70B26C942F3008BF854 /* UsersViewModel.swift */ = {isa = PBXFileReference; fileEncoding = 4; lastKnownFileType = sourcecode.swift; path = UsersViewModel.swift; sourceTree = "<group>"; };
		A252B70E26C942F3008BF854 /* BaseViewController.swift */ = {isa = PBXFileReference; fileEncoding = 4; lastKnownFileType = sourcecode.swift; path = BaseViewController.swift; sourceTree = "<group>"; };
		A252B70F26C942F3008BF854 /* BaseViewModel.swift */ = {isa = PBXFileReference; fileEncoding = 4; lastKnownFileType = sourcecode.swift; path = BaseViewModel.swift; sourceTree = "<group>"; };
		A252B71226C942F3008BF854 /* Constants.swift */ = {isa = PBXFileReference; fileEncoding = 4; lastKnownFileType = sourcecode.swift; path = Constants.swift; sourceTree = "<group>"; };
		A252B71326C942F3008BF854 /* Environment.swift */ = {isa = PBXFileReference; fileEncoding = 4; lastKnownFileType = sourcecode.swift; path = Environment.swift; sourceTree = "<group>"; };
		A252B71426C942F3008BF854 /* Extension.swift */ = {isa = PBXFileReference; fileEncoding = 4; lastKnownFileType = sourcecode.swift; path = Extension.swift; sourceTree = "<group>"; };
		A252B71526C942F3008BF854 /* Fonts.swift */ = {isa = PBXFileReference; fileEncoding = 4; lastKnownFileType = sourcecode.swift; path = Fonts.swift; sourceTree = "<group>"; };
		A252B71626C942F3008BF854 /* Colors.swift */ = {isa = PBXFileReference; fileEncoding = 4; lastKnownFileType = sourcecode.swift; path = Colors.swift; sourceTree = "<group>"; };
		A252B71826C942F3008BF854 /* UIView.swift */ = {isa = PBXFileReference; fileEncoding = 4; lastKnownFileType = sourcecode.swift; path = UIView.swift; sourceTree = "<group>"; };
		A252B71926C942F3008BF854 /* TableViews.swift */ = {isa = PBXFileReference; fileEncoding = 4; lastKnownFileType = sourcecode.swift; path = TableViews.swift; sourceTree = "<group>"; };
		A252B71A26C942F3008BF854 /* UIStoryboardControllers.swift */ = {isa = PBXFileReference; fileEncoding = 4; lastKnownFileType = sourcecode.swift; path = UIStoryboardControllers.swift; sourceTree = "<group>"; };
		A252B71B26C942F3008BF854 /* TableView+Extensions.swift */ = {isa = PBXFileReference; fileEncoding = 4; lastKnownFileType = sourcecode.swift; path = "TableView+Extensions.swift"; sourceTree = "<group>"; };
		A252B71D26C942F3008BF854 /* Logging.swift */ = {isa = PBXFileReference; fileEncoding = 4; lastKnownFileType = sourcecode.swift; path = Logging.swift; sourceTree = "<group>"; };
		A252B71E26C942F3008BF854 /* UtilityFunctions.swift */ = {isa = PBXFileReference; fileEncoding = 4; lastKnownFileType = sourcecode.swift; path = UtilityFunctions.swift; sourceTree = "<group>"; };
		A252B71F26C942F3008BF854 /* Animated.swift */ = {isa = PBXFileReference; fileEncoding = 4; lastKnownFileType = sourcecode.swift; path = Animated.swift; sourceTree = "<group>"; };
		A252B72026C942F3008BF854 /* ActivityIndicator.swift */ = {isa = PBXFileReference; fileEncoding = 4; lastKnownFileType = sourcecode.swift; path = ActivityIndicator.swift; sourceTree = "<group>"; };
		A252B72126C942F3008BF854 /* Localizable.strings */ = {isa = PBXFileReference; fileEncoding = 4; lastKnownFileType = text.plist.strings; path = Localizable.strings; sourceTree = "<group>"; };
		A252B72226C942F3008BF854 /* AppHeader.h */ = {isa = PBXFileReference; fileEncoding = 4; lastKnownFileType = sourcecode.c.h; path = AppHeader.h; sourceTree = "<group>"; };
		A252B72326C942F3008BF854 /* NotificationHelper.swift */ = {isa = PBXFileReference; fileEncoding = 4; lastKnownFileType = sourcecode.swift; path = NotificationHelper.swift; sourceTree = "<group>"; };
		A252B74626C9454F008BF854 /* UserCell.xib */ = {isa = PBXFileReference; lastKnownFileType = file.xib; path = UserCell.xib; sourceTree = "<group>"; };
		D2938D34BF3C5F48EF2693AC /* Pods-Task.debug.xcconfig */ = {isa = PBXFileReference; includeInIndex = 1; lastKnownFileType = text.xcconfig; name = "Pods-Task.debug.xcconfig"; path = "Target Support Files/Pods-Task/Pods-Task.debug.xcconfig"; sourceTree = "<group>"; };
		DB28880386FF7D66FD26E383 /* Pods_Task.framework */ = {isa = PBXFileReference; explicitFileType = wrapper.framework; includeInIndex = 0; path = Pods_Task.framework; sourceTree = BUILT_PRODUCTS_DIR; };
		DF792D79D5497F46F14F419C /* Pods-Task.release.xcconfig */ = {isa = PBXFileReference; includeInIndex = 1; lastKnownFileType = text.xcconfig; name = "Pods-Task.release.xcconfig"; path = "Target Support Files/Pods-Task/Pods-Task.release.xcconfig"; sourceTree = "<group>"; };
/* End PBXFileReference section */

/* Begin PBXFrameworksBuildPhase section */
		A252B6D926C9427D008BF854 /* Frameworks */ = {
			isa = PBXFrameworksBuildPhase;
			buildActionMask = 2147483647;
			files = (
				307180681835F8698183CAB8 /* Pods_Task.framework in Frameworks */,
			);
			runOnlyForDeploymentPostprocessing = 0;
		};
/* End PBXFrameworksBuildPhase section */

/* Begin PBXGroup section */
		A252B6D326C9427D008BF854 = {
			isa = PBXGroup;
			children = (
				A252B6DE26C9427D008BF854 /* Task */,
				A252B6DD26C9427D008BF854 /* Products */,
				C81DCA477431C4579CE2AD26 /* Pods */,
				C89D434BFCAE8F8B110D5C01 /* Frameworks */,
			);
			sourceTree = "<group>";
		};
		A252B6DD26C9427D008BF854 /* Products */ = {
			isa = PBXGroup;
			children = (
				A252B6DC26C9427D008BF854 /* Task.app */,
			);
			name = Products;
			sourceTree = "<group>";
		};
		A252B6DE26C9427D008BF854 /* Task */ = {
			isa = PBXGroup;
			children = (
				A252B6F326C942F3008BF854 /* New */,
				A252B6E826C9427E008BF854 /* Assets.xcassets */,
				A252B6EA26C9427E008BF854 /* LaunchScreen.storyboard */,
				A252B6ED26C9427E008BF854 /* Info.plist */,
			);
			path = Task;
			sourceTree = "<group>";
		};
		A252B6F326C942F3008BF854 /* New */ = {
			isa = PBXGroup;
			children = (
				A252B6FD26C942F3008BF854 /* Application */,
				A252B6F526C942F3008BF854 /* Networking */,
				A252B6FB26C942F3008BF854 /* Boards */,
				A252B70326C942F3008BF854 /* Moduls */,
				A252B71026C942F3008BF854 /* Helper */,
			);
			path = New;
			sourceTree = "<group>";
		};
		A252B6F526C942F3008BF854 /* Networking */ = {
			isa = PBXGroup;
			children = (
				A252B6F626C942F3008BF854 /* APIManager.swift */,
				A252B6F726C942F3008BF854 /* APIRouter.swift */,
				A252B6F826C942F3008BF854 /* APIResult.swift */,
				A252B6F926C942F3008BF854 /* APICallError.swift */,
				A252B6FA26C942F3008BF854 /* API.swift */,
			);
			path = Networking;
			sourceTree = "<group>";
		};
		A252B6FB26C942F3008BF854 /* Boards */ = {
			isa = PBXGroup;
			children = (
				A252B6FC26C942F3008BF854 /* Main.storyboard */,
			);
			path = Boards;
			sourceTree = "<group>";
		};
		A252B6FD26C942F3008BF854 /* Application */ = {
			isa = PBXGroup;
			children = (
				A252B70226C942F3008BF854 /* AppDelegate.swift */,
				A252B6FE26C942F3008BF854 /* AppDependency.swift */,
				A252B6FF26C942F3008BF854 /* Root.swift */,
			);
			path = Application;
			sourceTree = "<group>";
		};
		A252B70326C942F3008BF854 /* Moduls */ = {
			isa = PBXGroup;
			children = (
				A252B70C26C942F3008BF854 /* Base */,
				A252B70426C942F3008BF854 /* Main */,
			);
			path = Moduls;
			sourceTree = "<group>";
		};
		A252B70426C942F3008BF854 /* Main */ = {
			isa = PBXGroup;
			children = (
				A252B70526C942F3008BF854 /* model */,
				A252B70726C942F3008BF854 /* view */,
				A252B70A26C942F3008BF854 /* view model */,
			);
			path = Main;
			sourceTree = "<group>";
		};
		A252B70526C942F3008BF854 /* model */ = {
			isa = PBXGroup;
			children = (
				A252B70626C942F3008BF854 /* UserModel.swift */,
			);
			path = model;
			sourceTree = "<group>";
		};
		A252B70726C942F3008BF854 /* view */ = {
			isa = PBXGroup;
			children = (
				A252B70826C942F3008BF854 /* UsersVC.swift */,
				A252B70926C942F3008BF854 /* UserCell.swift */,
				A252B74626C9454F008BF854 /* UserCell.xib */,
			);
			path = view;
			sourceTree = "<group>";
		};
		A252B70A26C942F3008BF854 /* view model */ = {
			isa = PBXGroup;
			children = (
				A252B70B26C942F3008BF854 /* UsersViewModel.swift */,
			);
			path = "view model";
			sourceTree = "<group>";
		};
		A252B70C26C942F3008BF854 /* Base */ = {
			isa = PBXGroup;
			children = (
				A252B70E26C942F3008BF854 /* BaseViewController.swift */,
				A252B70F26C942F3008BF854 /* BaseViewModel.swift */,
			);
			path = Base;
			sourceTree = "<group>";
		};
		A252B71026C942F3008BF854 /* Helper */ = {
			isa = PBXGroup;
			children = (
				A252B71126C942F3008BF854 /* Constants */,
				A252B71726C942F3008BF854 /* Extensions */,
				A252B71C26C942F3008BF854 /* Utilty */,
			);
			path = Helper;
			sourceTree = "<group>";
		};
		A252B71126C942F3008BF854 /* Constants */ = {
			isa = PBXGroup;
			children = (
				A252B71226C942F3008BF854 /* Constants.swift */,
				A252B71326C942F3008BF854 /* Environment.swift */,
				A252B71426C942F3008BF854 /* Extension.swift */,
				A252B71526C942F3008BF854 /* Fonts.swift */,
				A252B71626C942F3008BF854 /* Colors.swift */,
			);
			path = Constants;
			sourceTree = "<group>";
		};
		A252B71726C942F3008BF854 /* Extensions */ = {
			isa = PBXGroup;
			children = (
				A252B71826C942F3008BF854 /* UIView.swift */,
				A252B71926C942F3008BF854 /* TableViews.swift */,
				A252B71A26C942F3008BF854 /* UIStoryboardControllers.swift */,
				A252B71B26C942F3008BF854 /* TableView+Extensions.swift */,
			);
			path = Extensions;
			sourceTree = "<group>";
		};
		A252B71C26C942F3008BF854 /* Utilty */ = {
			isa = PBXGroup;
			children = (
				A252B71D26C942F3008BF854 /* Logging.swift */,
				A252B71E26C942F3008BF854 /* UtilityFunctions.swift */,
				A252B71F26C942F3008BF854 /* Animated.swift */,
				A252B72026C942F3008BF854 /* ActivityIndicator.swift */,
				A252B72126C942F3008BF854 /* Localizable.strings */,
				A252B72226C942F3008BF854 /* AppHeader.h */,
				A252B72326C942F3008BF854 /* NotificationHelper.swift */,
			);
			path = Utilty;
			sourceTree = "<group>";
		};
		C81DCA477431C4579CE2AD26 /* Pods */ = {
			isa = PBXGroup;
			children = (
				D2938D34BF3C5F48EF2693AC /* Pods-Task.debug.xcconfig */,
				DF792D79D5497F46F14F419C /* Pods-Task.release.xcconfig */,
			);
			path = Pods;
			sourceTree = "<group>";
		};
		C89D434BFCAE8F8B110D5C01 /* Frameworks */ = {
			isa = PBXGroup;
			children = (
				DB28880386FF7D66FD26E383 /* Pods_Task.framework */,
			);
			name = Frameworks;
			sourceTree = "<group>";
		};
/* End PBXGroup section */

/* Begin PBXNativeTarget section */
		A252B6DB26C9427D008BF854 /* Task */ = {
			isa = PBXNativeTarget;
			buildConfigurationList = A252B6F026C9427E008BF854 /* Build configuration list for PBXNativeTarget "Task" */;
			buildPhases = (
				919883B207A1128657F100AA /* [CP] Check Pods Manifest.lock */,
				A252B6D826C9427D008BF854 /* Sources */,
				A252B6D926C9427D008BF854 /* Frameworks */,
				A252B6DA26C9427D008BF854 /* Resources */,
				55A252A370B1492A165973CF /* [CP] Embed Pods Frameworks */,
			);
			buildRules = (
			);
			dependencies = (
			);
			name = Task;
			productName = Task;
			productReference = A252B6DC26C9427D008BF854 /* Task.app */;
			productType = "com.apple.product-type.application";
		};
/* End PBXNativeTarget section */

/* Begin PBXProject section */
		A252B6D426C9427D008BF854 /* Project object */ = {
			isa = PBXProject;
			attributes = {
				LastSwiftUpdateCheck = 1250;
				LastUpgradeCheck = 1250;
				TargetAttributes = {
					A252B6DB26C9427D008BF854 = {
						CreatedOnToolsVersion = 12.5;
					};
				};
			};
			buildConfigurationList = A252B6D726C9427D008BF854 /* Build configuration list for PBXProject "Task" */;
			compatibilityVersion = "Xcode 9.3";
			developmentRegion = en;
			hasScannedForEncodings = 0;
			knownRegions = (
				en,
				Base,
			);
			mainGroup = A252B6D326C9427D008BF854;
			productRefGroup = A252B6DD26C9427D008BF854 /* Products */;
			projectDirPath = "";
			projectRoot = "";
			targets = (
				A252B6DB26C9427D008BF854 /* Task */,
			);
		};
/* End PBXProject section */

/* Begin PBXResourcesBuildPhase section */
		A252B6DA26C9427D008BF854 /* Resources */ = {
			isa = PBXResourcesBuildPhase;
			buildActionMask = 2147483647;
			files = (
				A252B6EC26C9427E008BF854 /* LaunchScreen.storyboard in Resources */,
				A252B74826C9454F008BF854 /* UserCell.xib in Resources */,
				A252B74326C942F3008BF854 /* Localizable.strings in Resources */,
				A252B6E926C9427E008BF854 /* Assets.xcassets in Resources */,
				A252B72A26C942F3008BF854 /* Main.storyboard in Resources */,
			);
			runOnlyForDeploymentPostprocessing = 0;
		};
/* End PBXResourcesBuildPhase section */

/* Begin PBXShellScriptBuildPhase section */
		55A252A370B1492A165973CF /* [CP] Embed Pods Frameworks */ = {
			isa = PBXShellScriptBuildPhase;
			buildActionMask = 2147483647;
			files = (
			);
			inputFileListPaths = (
				"${PODS_ROOT}/Target Support Files/Pods-Task/Pods-Task-frameworks-${CONFIGURATION}-input-files.xcfilelist",
			);
			name = "[CP] Embed Pods Frameworks";
			outputFileListPaths = (
				"${PODS_ROOT}/Target Support Files/Pods-Task/Pods-Task-frameworks-${CONFIGURATION}-output-files.xcfilelist",
			);
			runOnlyForDeploymentPostprocessing = 0;
			shellPath = /bin/sh;
			shellScript = "\"${PODS_ROOT}/Target Support Files/Pods-Task/Pods-Task-frameworks.sh\"\n";
			showEnvVarsInLog = 0;
		};
		919883B207A1128657F100AA /* [CP] Check Pods Manifest.lock */ = {
			isa = PBXShellScriptBuildPhase;
			buildActionMask = 2147483647;
			files = (
			);
			inputFileListPaths = (
			);
			inputPaths = (
				"${PODS_PODFILE_DIR_PATH}/Podfile.lock",
				"${PODS_ROOT}/Manifest.lock",
			);
			name = "[CP] Check Pods Manifest.lock";
			outputFileListPaths = (
			);
			outputPaths = (
				"$(DERIVED_FILE_DIR)/Pods-Task-checkManifestLockResult.txt",
			);
			runOnlyForDeploymentPostprocessing = 0;
			shellPath = /bin/sh;
			shellScript = "diff \"${PODS_PODFILE_DIR_PATH}/Podfile.lock\" \"${PODS_ROOT}/Manifest.lock\" > /dev/null\nif [ $? != 0 ] ; then\n    # print error to STDERR\n    echo \"error: The sandbox is not in sync with the Podfile.lock. Run 'pod install' or update your CocoaPods installation.\" >&2\n    exit 1\nfi\n# This output is used by Xcode 'outputs' to avoid re-running this script phase.\necho \"SUCCESS\" > \"${SCRIPT_OUTPUT_FILE_0}\"\n";
			showEnvVarsInLog = 0;
		};
/* End PBXShellScriptBuildPhase section */

/* Begin PBXSourcesBuildPhase section */
		A252B6D826C9427D008BF854 /* Sources */ = {
			isa = PBXSourcesBuildPhase;
			buildActionMask = 2147483647;
			files = (
				A252B73A26C942F3008BF854 /* Colors.swift in Sources */,
				A252B72626C942F3008BF854 /* APIRouter.swift in Sources */,
				A252B73E26C942F3008BF854 /* TableView+Extensions.swift in Sources */,
				A252B72526C942F3008BF854 /* APIManager.swift in Sources */,
				A252B73426C942F3008BF854 /* BaseViewController.swift in Sources */,
				A252B73C26C942F3008BF854 /* TableViews.swift in Sources */,
				A252B73026C942F3008BF854 /* UsersVC.swift in Sources */,
				A252B72826C942F3008BF854 /* APICallError.swift in Sources */,
				A252B74126C942F3008BF854 /* Animated.swift in Sources */,
				A252B72C26C942F3008BF854 /* Root.swift in Sources */,
				A252B73F26C942F3008BF854 /* Logging.swift in Sources */,
				A252B73226C942F3008BF854 /* UsersViewModel.swift in Sources */,
				A252B73926C942F3008BF854 /* Fonts.swift in Sources */,
				A252B73726C942F3008BF854 /* Environment.swift in Sources */,
				A252B73126C942F3008BF854 /* UserCell.swift in Sources */,
				A252B72B26C942F3008BF854 /* AppDependency.swift in Sources */,
				A252B74026C942F3008BF854 /* UtilityFunctions.swift in Sources */,
				A252B72F26C942F3008BF854 /* UserModel.swift in Sources */,
				A252B74426C942F3008BF854 /* NotificationHelper.swift in Sources */,
				A252B72E26C942F3008BF854 /* AppDelegate.swift in Sources */,
				A252B73826C942F3008BF854 /* Extension.swift in Sources */,
				A252B73526C942F3008BF854 /* BaseViewModel.swift in Sources */,
				A252B73626C942F3008BF854 /* Constants.swift in Sources */,
				A252B73B26C942F3008BF854 /* UIView.swift in Sources */,
				A252B72726C942F3008BF854 /* APIResult.swift in Sources */,
				A252B74226C942F3008BF854 /* ActivityIndicator.swift in Sources */,
				A252B73D26C942F3008BF854 /* UIStoryboardControllers.swift in Sources */,
				A252B72926C942F3008BF854 /* API.swift in Sources */,
			);
			runOnlyForDeploymentPostprocessing = 0;
		};
/* End PBXSourcesBuildPhase section */

/* Begin PBXVariantGroup section */
		A252B6EA26C9427E008BF854 /* LaunchScreen.storyboard */ = {
			isa = PBXVariantGroup;
			children = (
				A252B6EB26C9427E008BF854 /* Base */,
			);
			name = LaunchScreen.storyboard;
			sourceTree = "<group>";
		};
/* End PBXVariantGroup section */

/* Begin XCBuildConfiguration section */
		A252B6EE26C9427E008BF854 /* Debug */ = {
			isa = XCBuildConfiguration;
			buildSettings = {
				ALWAYS_SEARCH_USER_PATHS = NO;
				CLANG_ANALYZER_NONNULL = YES;
				CLANG_ANALYZER_NUMBER_OBJECT_CONVERSION = YES_AGGRESSIVE;
				CLANG_CXX_LANGUAGE_STANDARD = "gnu++14";
				CLANG_CXX_LIBRARY = "libc++";
				CLANG_ENABLE_MODULES = YES;
				CLANG_ENABLE_OBJC_ARC = YES;
				CLANG_ENABLE_OBJC_WEAK = YES;
				CLANG_WARN_BLOCK_CAPTURE_AUTORELEASING = YES;
				CLANG_WARN_BOOL_CONVERSION = YES;
				CLANG_WARN_COMMA = YES;
				CLANG_WARN_CONSTANT_CONVERSION = YES;
				CLANG_WARN_DEPRECATED_OBJC_IMPLEMENTATIONS = YES;
				CLANG_WARN_DIRECT_OBJC_ISA_USAGE = YES_ERROR;
				CLANG_WARN_DOCUMENTATION_COMMENTS = YES;
				CLANG_WARN_EMPTY_BODY = YES;
				CLANG_WARN_ENUM_CONVERSION = YES;
				CLANG_WARN_INFINITE_RECURSION = YES;
				CLANG_WARN_INT_CONVERSION = YES;
				CLANG_WARN_NON_LITERAL_NULL_CONVERSION = YES;
				CLANG_WARN_OBJC_IMPLICIT_RETAIN_SELF = YES;
				CLANG_WARN_OBJC_LITERAL_CONVERSION = YES;
				CLANG_WARN_OBJC_ROOT_CLASS = YES_ERROR;
				CLANG_WARN_QUOTED_INCLUDE_IN_FRAMEWORK_HEADER = YES;
				CLANG_WARN_RANGE_LOOP_ANALYSIS = YES;
				CLANG_WARN_STRICT_PROTOTYPES = YES;
				CLANG_WARN_SUSPICIOUS_MOVE = YES;
				CLANG_WARN_UNGUARDED_AVAILABILITY = YES_AGGRESSIVE;
				CLANG_WARN_UNREACHABLE_CODE = YES;
				CLANG_WARN__DUPLICATE_METHOD_MATCH = YES;
				COPY_PHASE_STRIP = NO;
				DEBUG_INFORMATION_FORMAT = dwarf;
				ENABLE_STRICT_OBJC_MSGSEND = YES;
				ENABLE_TESTABILITY = YES;
				GCC_C_LANGUAGE_STANDARD = gnu11;
				GCC_DYNAMIC_NO_PIC = NO;
				GCC_NO_COMMON_BLOCKS = YES;
				GCC_OPTIMIZATION_LEVEL = 0;
				GCC_PREPROCESSOR_DEFINITIONS = (
					"DEBUG=1",
					"$(inherited)",
				);
				GCC_WARN_64_TO_32_BIT_CONVERSION = YES;
				GCC_WARN_ABOUT_RETURN_TYPE = YES_ERROR;
				GCC_WARN_UNDECLARED_SELECTOR = YES;
				GCC_WARN_UNINITIALIZED_AUTOS = YES_AGGRESSIVE;
				GCC_WARN_UNUSED_FUNCTION = YES;
				GCC_WARN_UNUSED_VARIABLE = YES;
				IPHONEOS_DEPLOYMENT_TARGET = 14.5;
				MTL_ENABLE_DEBUG_INFO = INCLUDE_SOURCE;
				MTL_FAST_MATH = YES;
				ONLY_ACTIVE_ARCH = YES;
				SDKROOT = iphoneos;
				SWIFT_ACTIVE_COMPILATION_CONDITIONS = DEBUG;
				SWIFT_OPTIMIZATION_LEVEL = "-Onone";
			};
			name = Debug;
		};
		A252B6EF26C9427E008BF854 /* Release */ = {
			isa = XCBuildConfiguration;
			buildSettings = {
				ALWAYS_SEARCH_USER_PATHS = NO;
				CLANG_ANALYZER_NONNULL = YES;
				CLANG_ANALYZER_NUMBER_OBJECT_CONVERSION = YES_AGGRESSIVE;
				CLANG_CXX_LANGUAGE_STANDARD = "gnu++14";
				CLANG_CXX_LIBRARY = "libc++";
				CLANG_ENABLE_MODULES = YES;
				CLANG_ENABLE_OBJC_ARC = YES;
				CLANG_ENABLE_OBJC_WEAK = YES;
				CLANG_WARN_BLOCK_CAPTURE_AUTORELEASING = YES;
				CLANG_WARN_BOOL_CONVERSION = YES;
				CLANG_WARN_COMMA = YES;
				CLANG_WARN_CONSTANT_CONVERSION = YES;
				CLANG_WARN_DEPRECATED_OBJC_IMPLEMENTATIONS = YES;
				CLANG_WARN_DIRECT_OBJC_ISA_USAGE = YES_ERROR;
				CLANG_WARN_DOCUMENTATION_COMMENTS = YES;
				CLANG_WARN_EMPTY_BODY = YES;
				CLANG_WARN_ENUM_CONVERSION = YES;
				CLANG_WARN_INFINITE_RECURSION = YES;
				CLANG_WARN_INT_CONVERSION = YES;
				CLANG_WARN_NON_LITERAL_NULL_CONVERSION = YES;
				CLANG_WARN_OBJC_IMPLICIT_RETAIN_SELF = YES;
				CLANG_WARN_OBJC_LITERAL_CONVERSION = YES;
				CLANG_WARN_OBJC_ROOT_CLASS = YES_ERROR;
				CLANG_WARN_QUOTED_INCLUDE_IN_FRAMEWORK_HEADER = YES;
				CLANG_WARN_RANGE_LOOP_ANALYSIS = YES;
				CLANG_WARN_STRICT_PROTOTYPES = YES;
				CLANG_WARN_SUSPICIOUS_MOVE = YES;
				CLANG_WARN_UNGUARDED_AVAILABILITY = YES_AGGRESSIVE;
				CLANG_WARN_UNREACHABLE_CODE = YES;
				CLANG_WARN__DUPLICATE_METHOD_MATCH = YES;
				COPY_PHASE_STRIP = NO;
				DEBUG_INFORMATION_FORMAT = "dwarf-with-dsym";
				ENABLE_NS_ASSERTIONS = NO;
				ENABLE_STRICT_OBJC_MSGSEND = YES;
				GCC_C_LANGUAGE_STANDARD = gnu11;
				GCC_NO_COMMON_BLOCKS = YES;
				GCC_WARN_64_TO_32_BIT_CONVERSION = YES;
				GCC_WARN_ABOUT_RETURN_TYPE = YES_ERROR;
				GCC_WARN_UNDECLARED_SELECTOR = YES;
				GCC_WARN_UNINITIALIZED_AUTOS = YES_AGGRESSIVE;
				GCC_WARN_UNUSED_FUNCTION = YES;
				GCC_WARN_UNUSED_VARIABLE = YES;
				IPHONEOS_DEPLOYMENT_TARGET = 14.5;
				MTL_ENABLE_DEBUG_INFO = NO;
				MTL_FAST_MATH = YES;
				SDKROOT = iphoneos;
				SWIFT_COMPILATION_MODE = wholemodule;
				SWIFT_OPTIMIZATION_LEVEL = "-O";
				VALIDATE_PRODUCT = YES;
			};
			name = Release;
		};
		A252B6F126C9427E008BF854 /* Debug */ = {
			isa = XCBuildConfiguration;
			baseConfigurationReference = D2938D34BF3C5F48EF2693AC /* Pods-Task.debug.xcconfig */;
			buildSettings = {
				ASSETCATALOG_COMPILER_APPICON_NAME = AppIcon;
				ASSETCATALOG_COMPILER_GLOBAL_ACCENT_COLOR_NAME = AccentColor;
				CODE_SIGN_STYLE = Automatic;
				DEVELOPMENT_TEAM = "";
				INFOPLIST_FILE = Task/Info.plist;
				LD_RUNPATH_SEARCH_PATHS = (
					"$(inherited)",
					"@executable_path/Frameworks",
				);
				PRODUCT_BUNDLE_IDENTIFIER = com.miroz007.Task;
				PRODUCT_NAME = "$(TARGET_NAME)";
				SWIFT_VERSION = 5.0;
				TARGETED_DEVICE_FAMILY = "1,2";
			};
			name = Debug;
		};
		A252B6F226C9427E008BF854 /* Release */ = {
			isa = XCBuildConfiguration;
			baseConfigurationReference = DF792D79D5497F46F14F419C /* Pods-Task.release.xcconfig */;
			buildSettings = {
				ASSETCATALOG_COMPILER_APPICON_NAME = AppIcon;
				ASSETCATALOG_COMPILER_GLOBAL_ACCENT_COLOR_NAME = AccentColor;
				CODE_SIGN_STYLE = Automatic;
				DEVELOPMENT_TEAM = "";
				INFOPLIST_FILE = Task/Info.plist;
				LD_RUNPATH_SEARCH_PATHS = (
					"$(inherited)",
					"@executable_path/Frameworks",
				);
				PRODUCT_BUNDLE_IDENTIFIER = com.miroz007.Task;
				PRODUCT_NAME = "$(TARGET_NAME)";
				SWIFT_VERSION = 5.0;
				TARGETED_DEVICE_FAMILY = "1,2";
			};
			name = Release;
		};
/* End XCBuildConfiguration section */

/* Begin XCConfigurationList section */
		A252B6D726C9427D008BF854 /* Build configuration list for PBXProject "Task" */ = {
			isa = XCConfigurationList;
			buildConfigurations = (
				A252B6EE26C9427E008BF854 /* Debug */,
				A252B6EF26C9427E008BF854 /* Release */,
			);
			defaultConfigurationIsVisible = 0;
			defaultConfigurationName = Release;
		};
		A252B6F026C9427E008BF854 /* Build configuration list for PBXNativeTarget "Task" */ = {
			isa = XCConfigurationList;
			buildConfigurations = (
				A252B6F126C9427E008BF854 /* Debug */,
				A252B6F226C9427E008BF854 /* Release */,
			);
			defaultConfigurationIsVisible = 0;
			defaultConfigurationName = Release;
		};
/* End XCConfigurationList section */
	};
	rootObject = A252B6D426C9427D008BF854 /* Project object */;
}
